
Microsoft Visual Studio Solution File, Format Version 12.00
# Visual Studio Version 17
VisualStudioVersion = 17.8.34112.27
MinimumVisualStudioVersion = 10.0.40219.1
Project("{FAE04EC0-301F-11D3-BF4B-00C04F79EFBC}") = "Jazani.Api", "Jazani.Api\Jazani.Api.csproj", "{BE9346FE-7E72-4AE9-B372-DC3F278C630D}"
EndProject
Project("{FAE04EC0-301F-11D3-BF4B-00C04F79EFBC}") = "Jazani.Domain", "Jazani.Domain\Jazani.Domain.csproj", "{F90AB829-193E-460E-987B-964202168FDD}"
EndProject
Project("{FAE04EC0-301F-11D3-BF4B-00C04F79EFBC}") = "Jazani.Infrastructure", "Jazani.Infrastructure\Jazani.Infrastructure.csproj", "{40D43285-EF95-4E4E-B531-8C1F97DFB22D}"
EndProject
Project("{FAE04EC0-301F-11D3-BF4B-00C04F79EFBC}") = "Jazani.Application", "Jazani.Application\Jazani.Application.csproj", "{A32DEEDB-41E7-410A-89C2-B56DC450AC49}"
EndProject
Global
	GlobalSection(SolutionConfigurationPlatforms) = preSolution
		Debug|Any CPU = Debug|Any CPU
		Release|Any CPU = Release|Any CPU
	EndGlobalSection
	GlobalSection(ProjectConfigurationPlatforms) = postSolution
		{BE9346FE-7E72-4AE9-B372-DC3F278C630D}.Debug|Any CPU.ActiveCfg = Debug|Any CPU
		{BE9346FE-7E72-4AE9-B372-DC3F278C630D}.Debug|Any CPU.Build.0 = Debug|Any CPU
		{BE9346FE-7E72-4AE9-B372-DC3F278C630D}.Release|Any CPU.ActiveCfg = Release|Any CPU
		{BE9346FE-7E72-4AE9-B372-DC3F278C630D}.Release|Any CPU.Build.0 = Release|Any CPU
		{F90AB829-193E-460E-987B-964202168FDD}.Debug|Any CPU.ActiveCfg = Debug|Any CPU
		{F90AB829-193E-460E-987B-964202168FDD}.Debug|Any CPU.Build.0 = Debug|Any CPU
		{F90AB829-193E-460E-987B-964202168FDD}.Release|Any CPU.ActiveCfg = Release|Any CPU
		{F90AB829-193E-460E-987B-964202168FDD}.Release|Any CPU.Build.0 = Release|Any CPU
		{40D43285-EF95-4E4E-B531-8C1F97DFB22D}.Debug|Any CPU.ActiveCfg = Debug|Any CPU
		{40D43285-EF95-4E4E-B531-8C1F97DFB22D}.Debug|Any CPU.Build.0 = Debug|Any CPU
		{40D43285-EF95-4E4E-B531-8C1F97DFB22D}.Release|Any CPU.ActiveCfg = Release|Any CPU
		{40D43285-EF95-4E4E-B531-8C1F97DFB22D}.Release|Any CPU.Build.0 = Release|Any CPU
		{A32DEEDB-41E7-410A-89C2-B56DC450AC49}.Debug|Any CPU.ActiveCfg = Debug|Any CPU
		{A32DEEDB-41E7-410A-89C2-B56DC450AC49}.Debug|Any CPU.Build.0 = Debug|Any CPU
		{A32DEEDB-41E7-410A-89C2-B56DC450AC49}.Release|Any CPU.ActiveCfg = Release|Any CPU
		{A32DEEDB-41E7-410A-89C2-B56DC450AC49}.Release|Any CPU.Build.0 = Release|Any CPU
	EndGlobalSection
	GlobalSection(SolutionProperties) = preSolution
		HideSolutionNode = FALSE
	EndGlobalSection
	GlobalSection(ExtensibilityGlobals) = postSolution
		SolutionGuid = {2A312A8B-D3C9-46A2-9195-FE3E304AE9CC}
	EndGlobalSection
EndGlobal
